PODS:
  - OTPSecureInputView (1.2.0)

DEPENDENCIES:
  - OTPSecureInputView (from `../`)

EXTERNAL SOURCES:
  OTPSecureInputView:
    :path: "../"

SPEC CHECKSUMS:
  OTPSecureInputView: d8fe85f8500076e2ea49082ee0ddb381f13b498e

PODFILE CHECKSUM: 39d828c31bb2d175b9d5b9350fafb10411fd0207

COCOAPODS: 1.10.1
